// !$*UTF8*$!
{
	archiveVersion = 1;
	classes = {
	};
	objectVersion = 56;
	objects = {

/* Begin PBXBuildFile section */
		55550C3728D60A080051A4A9 /* SnowSeekeApp.swift in Sources */ = {isa = PBXBuildFile; fileRef = 55550C3628D60A080051A4A9 /* SnowSeekeApp.swift */; };
		55550C3928D60A080051A4A9 /* ContentView.swift in Sources */ = {isa = PBXBuildFile; fileRef = 55550C3828D60A080051A4A9 /* ContentView.swift */; };
		55550C3B28D60A090051A4A9 /* Assets.xcassets in Resources */ = {isa = PBXBuildFile; fileRef = 55550C3A28D60A090051A4A9 /* Assets.xcassets */; };
		55550C3E28D60A090051A4A9 /* Preview Assets.xcassets in Resources */ = {isa = PBXBuildFile; fileRef = 55550C3D28D60A090051A4A9 /* Preview Assets.xcassets */; };
		55550C4528D60A2B0051A4A9 /* resorts.json in Resources */ = {isa = PBXBuildFile; fileRef = 55550C4428D60A2B0051A4A9 /* resorts.json */; };
		55550C4728D60D9D0051A4A9 /* Resort.swift in Sources */ = {isa = PBXBuildFile; fileRef = 55550C4628D60D9D0051A4A9 /* Resort.swift */; };
		556F065F28D883500090972C /* Facility.swift in Sources */ = {isa = PBXBuildFile; fileRef = 556F065E28D883500090972C /* Facility.swift */; };
		556F066128D88A060090972C /* Favorites.swift in Sources */ = {isa = PBXBuildFile; fileRef = 556F066028D88A060090972C /* Favorites.swift */; };
		55AFEE4528D6387D0093410C /* Bundle-Decodable.swift in Sources */ = {isa = PBXBuildFile; fileRef = 55AFEE4428D6387D0093410C /* Bundle-Decodable.swift */; };
		55AFEE4728D63D380093410C /* WelcomeView.swift in Sources */ = {isa = PBXBuildFile; fileRef = 55AFEE4628D63D380093410C /* WelcomeView.swift */; };
		55AFEE4928D63F7B0093410C /* ResortView.swift in Sources */ = {isa = PBXBuildFile; fileRef = 55AFEE4828D63F7B0093410C /* ResortView.swift */; };
		55AFEE4B28D641AF0093410C /* SkiDetailsView.swift in Sources */ = {isa = PBXBuildFile; fileRef = 55AFEE4A28D641AF0093410C /* SkiDetailsView.swift */; };
		55AFEE4D28D642EE0093410C /* ResortDetailsView.swift in Sources */ = {isa = PBXBuildFile; fileRef = 55AFEE4C28D642EE0093410C /* ResortDetailsView.swift */; };
/* End PBXBuildFile section */

/* Begin PBXFileReference section */
		55550C3328D60A080051A4A9 /* SnowSeeke.app */ = {isa = PBXFileReference; explicitFileType = wrapper.application; includeInIndex = 0; path = SnowSeeke.app; sourceTree = BUILT_PRODUCTS_DIR; };
		55550C3628D60A080051A4A9 /* SnowSeekeApp.swift */ = {isa = PBXFileReference; lastKnownFileType = sourcecode.swift; path = SnowSeekeApp.swift; sourceTree = "<group>"; };
		55550C3828D60A080051A4A9 /* ContentView.swift */ = {isa = PBXFileReference; lastKnownFileType = sourcecode.swift; path = ContentView.swift; sourceTree = "<group>"; };
		55550C3A28D60A090051A4A9 /* Assets.xcassets */ = {isa = PBXFileReference; lastKnownFileType = folder.assetcatalog; path = Assets.xcassets; sourceTree = "<group>"; };
		55550C3D28D60A090051A4A9 /* Preview Assets.xcassets */ = {isa = PBXFileReference; lastKnownFileType = folder.assetcatalog; path = "Preview Assets.xcassets"; sourceTree = "<group>"; };
		55550C4428D60A2B0051A4A9 /* resorts.json */ = {isa = PBXFileReference; fileEncoding = 4; lastKnownFileType = text.json; path = resorts.json; sourceTree = "<group>"; };
		55550C4628D60D9D0051A4A9 /* Resort.swift */ = {isa = PBXFileReference; lastKnownFileType = sourcecode.swift; path = Resort.swift; sourceTree = "<group>"; };
		556F065E28D883500090972C /* Facility.swift */ = {isa = PBXFileReference; lastKnownFileType = sourcecode.swift; path = Facility.swift; sourceTree = "<group>"; };
		556F066028D88A060090972C /* Favorites.swift */ = {isa = PBXFileReference; lastKnownFileType = sourcecode.swift; path = Favorites.swift; sourceTree = "<group>"; };
		55AFEE4428D6387D0093410C /* Bundle-Decodable.swift */ = {isa = PBXFileReference; lastKnownFileType = sourcecode.swift; path = "Bundle-Decodable.swift"; sourceTree = "<group>"; };
		55AFEE4628D63D380093410C /* WelcomeView.swift */ = {isa = PBXFileReference; lastKnownFileType = sourcecode.swift; path = WelcomeView.swift; sourceTree = "<group>"; };
		55AFEE4828D63F7B0093410C /* ResortView.swift */ = {isa = PBXFileReference; lastKnownFileType = sourcecode.swift; path = ResortView.swift; sourceTree = "<group>"; };
		55AFEE4A28D641AF0093410C /* SkiDetailsView.swift */ = {isa = PBXFileReference; lastKnownFileType = sourcecode.swift; path = SkiDetailsView.swift; sourceTree = "<group>"; };
		55AFEE4C28D642EE0093410C /* ResortDetailsView.swift */ = {isa = PBXFileReference; lastKnownFileType = sourcecode.swift; path = ResortDetailsView.swift; sourceTree = "<group>"; };
/* End PBXFileReference section */

/* Begin PBXFrameworksBuildPhase section */
		55550C3028D60A080051A4A9 /* Frameworks */ = {
			isa = PBXFrameworksBuildPhase;
			buildActionMask = 2147483647;
			files = (
			);
			runOnlyForDeploymentPostprocessing = 0;
		};
/* End PBXFrameworksBuildPhase section */

/* Begin PBXGroup section */
		55550C2A28D60A080051A4A9 = {
			isa = PBXGroup;
			children = (
				55550C3528D60A080051A4A9 /* SnowSeeke */,
				55550C3428D60A080051A4A9 /* Products */,
			);
			sourceTree = "<group>";
		};
		55550C3428D60A080051A4A9 /* Products */ = {
			isa = PBXGroup;
			children = (
				55550C3328D60A080051A4A9 /* SnowSeeke.app */,
			);
			name = Products;
			sourceTree = "<group>";
		};
		55550C3528D60A080051A4A9 /* SnowSeeke */ = {
			isa = PBXGroup;
			children = (
				55550C3628D60A080051A4A9 /* SnowSeekeApp.swift */,
				55550C3828D60A080051A4A9 /* ContentView.swift */,
				55AFEE4628D63D380093410C /* WelcomeView.swift */,
				55550C4628D60D9D0051A4A9 /* Resort.swift */,
				55AFEE4428D6387D0093410C /* Bundle-Decodable.swift */,
				55AFEE4828D63F7B0093410C /* ResortView.swift */,
				556F066028D88A060090972C /* Favorites.swift */,
				556F065E28D883500090972C /* Facility.swift */,
				55AFEE4A28D641AF0093410C /* SkiDetailsView.swift */,
				55AFEE4C28D642EE0093410C /* ResortDetailsView.swift */,
				55550C4428D60A2B0051A4A9 /* resorts.json */,
				55550C3A28D60A090051A4A9 /* Assets.xcassets */,
				55550C3C28D60A090051A4A9 /* Preview Content */,
			);
			path = SnowSeeke;
			sourceTree = "<group>";
		};
		55550C3C28D60A090051A4A9 /* Preview Content */ = {
			isa = PBXGroup;
			children = (
				55550C3D28D60A090051A4A9 /* Preview Assets.xcassets */,
			);
			path = "Preview Content";
			sourceTree = "<group>";
		};
/* End PBXGroup section */

/* Begin PBXNativeTarget section */
		55550C3228D60A080051A4A9 /* SnowSeeke */ = {
			isa = PBXNativeTarget;
			buildConfigurationList = 55550C4128D60A090051A4A9 /* Build configuration list for PBXNativeTarget "SnowSeeke" */;
			buildPhases = (
				55550C2F28D60A080051A4A9 /* Sources */,
				55550C3028D60A080051A4A9 /* Frameworks */,
				55550C3128D60A080051A4A9 /* Resources */,
			);
			buildRules = (
			);
			dependencies = (
			);
			name = SnowSeeke;
			productName = SnowSeeke;
			productReference = 55550C3328D60A080051A4A9 /* SnowSeeke.app */;
			productType = "com.apple.product-type.application";
		};
/* End PBXNativeTarget section */

/* Begin PBXProject section */
		55550C2B28D60A080051A4A9 /* Project object */ = {
			isa = PBXProject;
			attributes = {
				BuildIndependentTargetsInParallel = 1;
				LastSwiftUpdateCheck = 1400;
				LastUpgradeCheck = 1400;
				TargetAttributes = {
					55550C3228D60A080051A4A9 = {
						CreatedOnToolsVersion = 14.0;
					};
				};
			};
			buildConfigurationList = 55550C2E28D60A080051A4A9 /* Build configuration list for PBXProject "SnowSeeke" */;
			compatibilityVersion = "Xcode 14.0";
			developmentRegion = en;
			hasScannedForEncodings = 0;
			knownRegions = (
				en,
				Base,
			);
			mainGroup = 55550C2A28D60A080051A4A9;
			productRefGroup = 55550C3428D60A080051A4A9 /* Products */;
			projectDirPath = "";
			projectRoot = "";
			targets = (
				55550C3228D60A080051A4A9 /* SnowSeeke */,
			);
		};
/* End PBXProject section */

/* Begin PBXResourcesBuildPhase section */
		55550C3128D60A080051A4A9 /* Resources */ = {
			isa = PBXResourcesBuildPhase;
			buildActionMask = 2147483647;
			files = (
				55550C4528D60A2B0051A4A9 /* resorts.json in Resources */,
				55550C3E28D60A090051A4A9 /* Preview Assets.xcassets in Resources */,
				55550C3B28D60A090051A4A9 /* Assets.xcassets in Resources */,
			);
			runOnlyForDeploymentPostprocessing = 0;
		};
/* End PBXResourcesBuildPhase section */

/* Begin PBXSourcesBuildPhase section */
		55550C2F28D60A080051A4A9 /* Sources */ = {
			isa = PBXSourcesBuildPhase;
			buildActionMask = 2147483647;
			files = (
				55AFEE4728D63D380093410C /* WelcomeView.swift in Sources */,
				55AFEE4B28D641AF0093410C /* SkiDetailsView.swift in Sources */,
				55AFEE4D28D642EE0093410C /* ResortDetailsView.swift in Sources */,
				556F066128D88A060090972C /* Favorites.swift in Sources */,
				556F065F28D883500090972C /* Facility.swift in Sources */,
				55550C3928D60A080051A4A9 /* ContentView.swift in Sources */,
				55550C4728D60D9D0051A4A9 /* Resort.swift in Sources */,
				55AFEE4928D63F7B0093410C /* ResortView.swift in Sources */,
				55550C3728D60A080051A4A9 /* SnowSeekeApp.swift in Sources */,
				55AFEE4528D6387D0093410C /* Bundle-Decodable.swift in Sources */,
			);
			runOnlyForDeploymentPostprocessing = 0;
		};
/* End PBXSourcesBuildPhase section */

/* Begin XCBuildConfiguration section */
		55550C3F28D60A090051A4A9 /* Debug */ = {
			isa = XCBuildConfiguration;
			buildSettings = {
				ALWAYS_SEARCH_USER_PATHS = NO;
				CLANG_ANALYZER_NONNULL = YES;
				CLANG_ANALYZER_NUMBER_OBJECT_CONVERSION = YES_AGGRESSIVE;
				CLANG_CXX_LANGUAGE_STANDARD = "gnu++20";
				CLANG_ENABLE_MODULES = YES;
				CLANG_ENABLE_OBJC_ARC = YES;
				CLANG_ENABLE_OBJC_WEAK = YES;
				CLANG_WARN_BLOCK_CAPTURE_AUTORELEASING = YES;
				CLANG_WARN_BOOL_CONVERSION = YES;
				CLANG_WARN_COMMA = YES;
				CLANG_WARN_CONSTANT_CONVERSION = YES;
				CLANG_WARN_DEPRECATED_OBJC_IMPLEMENTATIONS = YES;
				CLANG_WARN_DIRECT_OBJC_ISA_USAGE = YES_ERROR;
				CLANG_WARN_DOCUMENTATION_COMMENTS = YES;
				CLANG_WARN_EMPTY_BODY = YES;
				CLANG_WARN_ENUM_CONVERSION = YES;
				CLANG_WARN_INFINITE_RECURSION = YES;
				CLANG_WARN_INT_CONVERSION = YES;
				CLANG_WARN_NON_LITERAL_NULL_CONVERSION = YES;
				CLANG_WARN_OBJC_IMPLICIT_RETAIN_SELF = YES;
				CLANG_WARN_OBJC_LITERAL_CONVERSION = YES;
				CLANG_WARN_OBJC_ROOT_CLASS = YES_ERROR;
				CLANG_WARN_QUOTED_INCLUDE_IN_FRAMEWORK_HEADER = YES;
				CLANG_WARN_RANGE_LOOP_ANALYSIS = YES;
				CLANG_WARN_STRICT_PROTOTYPES = YES;
				CLANG_WARN_SUSPICIOUS_MOVE = YES;
				CLANG_WARN_UNGUARDED_AVAILABILITY = YES_AGGRESSIVE;
				CLANG_WARN_UNREACHABLE_CODE = YES;
				CLANG_WARN__DUPLICATE_METHOD_MATCH = YES;
				COPY_PHASE_STRIP = NO;
				DEBUG_INFORMATION_FORMAT = dwarf;
				ENABLE_STRICT_OBJC_MSGSEND = YES;
				ENABLE_TESTABILITY = YES;
				GCC_C_LANGUAGE_STANDARD = gnu11;
				GCC_DYNAMIC_NO_PIC = NO;
				GCC_NO_COMMON_BLOCKS = YES;
				GCC_OPTIMIZATION_LEVEL = 0;
				GCC_PREPROCESSOR_DEFINITIONS = (
					"DEBUG=1",
					"$(inherited)",
				);
				GCC_WARN_64_TO_32_BIT_CONVERSION = YES;
				GCC_WARN_ABOUT_RETURN_TYPE = YES_ERROR;
				GCC_WARN_UNDECLARED_SELECTOR = YES;
				GCC_WARN_UNINITIALIZED_AUTOS = YES_AGGRESSIVE;
				GCC_WARN_UNUSED_FUNCTION = YES;
				GCC_WARN_UNUSED_VARIABLE = YES;
				IPHONEOS_DEPLOYMENT_TARGET = 16.0;
				MTL_ENABLE_DEBUG_INFO = INCLUDE_SOURCE;
				MTL_FAST_MATH = YES;
				ONLY_ACTIVE_ARCH = YES;
				SDKROOT = iphoneos;
				SWIFT_ACTIVE_COMPILATION_CONDITIONS = DEBUG;
				SWIFT_OPTIMIZATION_LEVEL = "-Onone";
			};
			name = Debug;
		};
		55550C4028D60A090051A4A9 /* Release */ = {
			isa = XCBuildConfiguration;
			buildSettings = {
				ALWAYS_SEARCH_USER_PATHS = NO;
				CLANG_ANALYZER_NONNULL = YES;
				CLANG_ANALYZER_NUMBER_OBJECT_CONVERSION = YES_AGGRESSIVE;
				CLANG_CXX_LANGUAGE_STANDARD = "gnu++20";
				CLANG_ENABLE_MODULES = YES;
				CLANG_ENABLE_OBJC_ARC = YES;
				CLANG_ENABLE_OBJC_WEAK = YES;
				CLANG_WARN_BLOCK_CAPTURE_AUTORELEASING = YES;
				CLANG_WARN_BOOL_CONVERSION = YES;
				CLANG_WARN_COMMA = YES;
				CLANG_WARN_CONSTANT_CONVERSION = YES;
				CLANG_WARN_DEPRECATED_OBJC_IMPLEMENTATIONS = YES;
				CLANG_WARN_DIRECT_OBJC_ISA_USAGE = YES_ERROR;
				CLANG_WARN_DOCUMENTATION_COMMENTS = YES;
				CLANG_WARN_EMPTY_BODY = YES;
				CLANG_WARN_ENUM_CONVERSION = YES;
				CLANG_WARN_INFINITE_RECURSION = YES;
				CLANG_WARN_INT_CONVERSION = YES;
				CLANG_WARN_NON_LITERAL_NULL_CONVERSION = YES;
				CLANG_WARN_OBJC_IMPLICIT_RETAIN_SELF = YES;
				CLANG_WARN_OBJC_LITERAL_CONVERSION = YES;
				CLANG_WARN_OBJC_ROOT_CLASS = YES_ERROR;
				CLANG_WARN_QUOTED_INCLUDE_IN_FRAMEWORK_HEADER = YES;
				CLANG_WARN_RANGE_LOOP_ANALYSIS = YES;
				CLANG_WARN_STRICT_PROTOTYPES = YES;
				CLANG_WARN_SUSPICIOUS_MOVE = YES;
				CLANG_WARN_UNGUARDED_AVAILABILITY = YES_AGGRESSIVE;
				CLANG_WARN_UNREACHABLE_CODE = YES;
				CLANG_WARN__DUPLICATE_METHOD_MATCH = YES;
				COPY_PHASE_STRIP = NO;
				DEBUG_INFORMATION_FORMAT = "dwarf-with-dsym";
				ENABLE_NS_ASSERTIONS = NO;
				ENABLE_STRICT_OBJC_MSGSEND = YES;
				GCC_C_LANGUAGE_STANDARD = gnu11;
				GCC_NO_COMMON_BLOCKS = YES;
				GCC_WARN_64_TO_32_BIT_CONVERSION = YES;
				GCC_WARN_ABOUT_RETURN_TYPE = YES_ERROR;
				GCC_WARN_UNDECLARED_SELECTOR = YES;
				GCC_WARN_UNINITIALIZED_AUTOS = YES_AGGRESSIVE;
				GCC_WARN_UNUSED_FUNCTION = YES;
				GCC_WARN_UNUSED_VARIABLE = YES;
				IPHONEOS_DEPLOYMENT_TARGET = 16.0;
				MTL_ENABLE_DEBUG_INFO = NO;
				MTL_FAST_MATH = YES;
				SDKROOT = iphoneos;
				SWIFT_COMPILATION_MODE = wholemodule;
				SWIFT_OPTIMIZATION_LEVEL = "-O";
				VALIDATE_PRODUCT = YES;
			};
			name = Release;
		};
		55550C4228D60A090051A4A9 /* Debug */ = {
			isa = XCBuildConfiguration;
			buildSettings = {
				ASSETCATALOG_COMPILER_APPICON_NAME = AppIcon;
				ASSETCATALOG_COMPILER_GLOBAL_ACCENT_COLOR_NAME = AccentColor;
				CODE_SIGN_STYLE = Automatic;
				CURRENT_PROJECT_VERSION = 1;
				DEVELOPMENT_ASSET_PATHS = "\"SnowSeeke/Preview Content\"";
				ENABLE_PREVIEWS = YES;
				GENERATE_INFOPLIST_FILE = YES;
				INFOPLIST_KEY_UIApplicationSceneManifest_Generation = YES;
				INFOPLIST_KEY_UIApplicationSupportsIndirectInputEvents = YES;
				INFOPLIST_KEY_UILaunchScreen_Generation = YES;
				INFOPLIST_KEY_UISupportedInterfaceOrientations_iPad = "UIInterfaceOrientationPortrait UIInterfaceOrientationPortraitUpsideDown UIInterfaceOrientationLandscapeLeft UIInterfaceOrientationLandscapeRight";
				INFOPLIST_KEY_UISupportedInterfaceOrientations_iPhone = "UIInterfaceOrientationPortrait UIInterfaceOrientationLandscapeLeft UIInterfaceOrientationLandscapeRight";
				LD_RUNPATH_SEARCH_PATHS = (
					"$(inherited)",
					"@executable_path/Frameworks",
				);
				MARKETING_VERSION = 1.0;
				PRODUCT_BUNDLE_IDENTIFIER = Swapnil.SnowSeeke;
				PRODUCT_NAME = "$(TARGET_NAME)";
				SWIFT_EMIT_LOC_STRINGS = YES;
				SWIFT_VERSION = 5.0;
				TARGETED_DEVICE_FAMILY = "1,2";
			};
			name = Debug;
		};
		55550C4328D60A090051A4A9 /* Release */ = {
			isa = XCBuildConfiguration;
			buildSettings = {
				ASSETCATALOG_COMPILER_APPICON_NAME = AppIcon;
				ASSETCATALOG_COMPILER_GLOBAL_ACCENT_COLOR_NAME = AccentColor;
				CODE_SIGN_STYLE = Automatic;
				CURRENT_PROJECT_VERSION = 1;
				DEVELOPMENT_ASSET_PATHS = "\"SnowSeeke/Preview Content\"";
				ENABLE_PREVIEWS = YES;
				GENERATE_INFOPLIST_FILE = YES;
				INFOPLIST_KEY_UIApplicationSceneManifest_Generation = YES;
				INFOPLIST_KEY_UIApplicationSupportsIndirectInputEvents = YES;
				INFOPLIST_KEY_UILaunchScreen_Generation = YES;
				INFOPLIST_KEY_UISupportedInterfaceOrientations_iPad = "UIInterfaceOrientationPortrait UIInterfaceOrientationPortraitUpsideDown UIInterfaceOrientationLandscapeLeft UIInterfaceOrientationLandscapeRight";
				INFOPLIST_KEY_UISupportedInterfaceOrientations_iPhone = "UIInterfaceOrientationPortrait UIInterfaceOrientationLandscapeLeft UIInterfaceOrientationLandscapeRight";
				LD_RUNPATH_SEARCH_PATHS = (
					"$(inherited)",
					"@executable_path/Frameworks",
				);
				MARKETING_VERSION = 1.0;
				PRODUCT_BUNDLE_IDENTIFIER = Swapnil.SnowSeeke;
				PRODUCT_NAME = "$(TARGET_NAME)";
				SWIFT_EMIT_LOC_STRINGS = YES;
				SWIFT_VERSION = 5.0;
				TARGETED_DEVICE_FAMILY = "1,2";
			};
			name = Release;
		};
/* End XCBuildConfiguration section */

/* Begin XCConfigurationList section */
		55550C2E28D60A080051A4A9 /* Build configuration list for PBXProject "SnowSeeke" */ = {
			isa = XCConfigurationList;
			buildConfigurations = (
				55550C3F28D60A090051A4A9 /* Debug */,
				55550C4028D60A090051A4A9 /* Release */,
			);
			defaultConfigurationIsVisible = 0;
			defaultConfigurationName = Release;
		};
		55550C4128D60A090051A4A9 /* Build configuration list for PBXNativeTarget "SnowSeeke" */ = {
			isa = XCConfigurationList;
			buildConfigurations = (
				55550C4228D60A090051A4A9 /* Debug */,
				55550C4328D60A090051A4A9 /* Release */,
			);
			defaultConfigurationIsVisible = 0;
			defaultConfigurationName = Release;
		};
/* End XCConfigurationList section */
	};
	rootObject = 55550C2B28D60A080051A4A9 /* Project object */;
}
